hash: 6e864dde113c759be1a79029d2543e35fc051faf0e14fbd3f3125ff01663c32e
updated: 2017-07-30T20:14:05.38824622+08:00
imports:
- name: github.com/boj/redistore
  version: 4562487a4bee9a7c272b72bfaeda4917d0a47ab9
- name: github.com/boltdb/bolt
  version: 2f1ce7a837dcb8da3ec595b1dac9d0632f0f99e8
- name: github.com/bradfitz/gomemcache
  version: 1952afaa557dc08e8e0d89eafab110fb501c1a2b
  subpackages:
  - memcache
- name: github.com/bradleypeabody/gorilla-sessions-memcache
  version: 75ee37df8664a47cd5d9eb84d41e1f2b08086893
- name: github.com/garyburd/redigo
  version: 9e66b83d15a259978be267d0b61838c42c3904e3
  subpackages:
  - internal
  - redis
- name: github.com/gin-contrib/sessions
  version: 227bb6c9c4d414dc87160512d271788ed918e7ef
- name: github.com/gin-contrib/sse
  version: 22d885f9ecc78bf4ee5d72b937e4bbcdc58e8cae
- name: github.com/gin-contrib/static
  version: 986b610925a822771d6c475a6246ffa913085c7b
- name: github.com/gin-gonic/gin
  version: 7fafb3f4a177ca92821dc5bf6e59f17e5f130588
  subpackages:
  - binding
  - json
  - render
- name: github.com/golang/protobuf
  version: 748d386b5c1ea99658fd69fe9f03991ce86a90c1
  subpackages:
  - proto
- name: github.com/gorilla/context
  version: 08b5f424b9271eedf6f9f0ce86cb9396ed337a42
- name: github.com/gorilla/securecookie
  version: e59506cc896acb7f7bf732d4fdf5e25f7ccd8983
- name: github.com/gorilla/sessions
  version: 8b6b4cd75f07f7ee036eb37b8127bd40ab1efc49
- name: github.com/json-iterator/go
  version: c15b4d116cb805508fd5862d8761a88076b3cc8e
- name: github.com/kidstuff/mongostore
  version: 256d65ac5b0e35e7c5ebb3f175c0bed1e5c2b253
- name: github.com/mattn/go-isatty
  version: fc9e8d8ef48496124e79ae0df75490096eccf6fe
- name: github.com/ugorji/go
  version: 5efa3251c7f7d05e5d9704a69a984ec9f1386a40
  subpackages:
  - codec
- name: golang.org/x/sys
  version: 0f826bdd13b500be0f1d4004938ad978fcc6031e
  subpackages:
  - unix
- name: gopkg.in/go-playground/validator.v8
  version: 5f1438d3fca68893a817e4a66806cea46a9e4ebf
- name: gopkg.in/mgo.v2
  version: 3f83fa5005286a7fe593b055f0d7771a7dce4655
  subpackages:
  - bson
  - internal/json
  - internal/sasl
  - internal/scram
- name: gopkg.in/yaml.v2
  version: 25c4ec802a7d637f88d584ab26798e94ad14c13b
testImports:
- name: github.com/kr/pretty
  version: cfb55aafdaf3ec08f0db22699ab822c50091b1c4
- name: github.com/kr/text
  version: 7cafcd837844e784b526369c9bce262804aebc60
